dependencies:
- alias: ""
  condition: ""
  enabled: false
  import-values: null
  name: utils
  repository: http://localhost:8879/charts
  tags: null
  version: 0.1.1
- alias: ""
  condition: ""
  enabled: false
  import-values: null
  name: postgres
  repository: http://localhost:8879/charts
  tags: null
  version: 0.1.0
- alias: ""
  condition: ""
  enabled: false
  import-values: null
  name: pg_metrics
  repository: http://localhost:8879/charts
  tags: null
  version: 0.1.0
digest: sha256:4eeafba8a520aecbd139beac3eb3779fc16c44394a8134c3ba12e7cdddbeb2fc
generated: 2017-08-07T13:54:49.607603846+05:30
