dependencies:
- name: utils
  repository: file://../utils
  version: 0.1.1
- name: postgres
  repository: file://../postgres
  version: 0.1.0
- name: pg_metrics
  repository: file://../pg_metrics
  version: 0.1.0
digest: sha256:4d6e48c6195862b9ce9d32218d4519c1dbe7930106e8d8566008119d14e3ec8e
generated: 2018-08-06T11:15:15.031206191+02:00
