dependencies:
- name: postgres
  repository: http://localhost:8879/charts
  version: 0.1.0
- name: utils
  repository: http://localhost:8879/charts
  version: 0.1.1
- name: pg_metrics
  repository: http://localhost:8879/charts
  version: 0.1.0
digest: sha256:f03479c332eaf3e20dc03bb2d7d6f00ff3365200233ffb6ad623ef958f19c65c
generated: 2017-08-02T16:04:08.406310408+02:00
