dependencies:
- condition: ""
  enabled: false
  name: postgres
  repository: http://localhost:8879/charts
  tags: null
  version: 0.1.0
- condition: ""
  enabled: false
  name: utils
  repository: http://localhost:8879/charts
  tags: null
  version: 0.1.1
digest: sha256:287bd55dea00bb02f4f084f62e5320dfa7ccb6df4356a290dcbc7ab2ecd6cbb0
generated: 2017-02-21T09:36:51.767152094+01:00
