dependencies:
- condition: ""
  enabled: false
  name: utils
  repository: http://localhost:8879/charts
  tags: null
  version: 0.1.1
- condition: ""
  enabled: false
  name: mariadb
  repository: http://localhost:8879/charts
  tags: null
  version: 0.1.1
digest: sha256:14257527c227ef0fadb98e3f61352383eabf1445535f0e6c02568eac5b4c493c
generated: 2017-02-21T09:36:44.647873435+01:00
