dependencies:
- name: utils
  repository: file://../utils
  version: 0.1.1
- name: postgres
  repository: file://../postgres
  version: 0.1.0
- name: pg_metrics
  repository: file://../pg_metrics
  version: 0.1.0
- name: rabbitmq_notifications
  repository: file://../rabbitmq_notifications
  version: 0.0.1
digest: sha256:9c282aa7fa56de67b5c429af33be4c10fabda83dd598bacaa8fe47951990dc40
generated: 2018-08-06T11:15:16.872789599+02:00
