dependencies:
- condition: ""
  enabled: false
  name: openstack
  repository: http://localhost:8879/charts
  tags: null
  version: 0.1.1
- condition: ""
  enabled: false
  name: utils
  repository: http://localhost:8879/charts
  tags: null
  version: 0.1.1
digest: sha256:61830c03dcb1ea10e20d079a0d0c81b63986cee5fc08dc6d7371a89c75562190
generated: 2017-02-21T09:36:56.063409001+01:00
