dependencies:
- name: memcached
  repository: file://../memcached
  version: 0.1.0
- name: rabbitmq
  repository: file://../rabbitmq
  version: 0.1.0
- name: nova
  repository: file://../nova
  version: 0.1.1
- name: cinder
  repository: file://../cinder
  version: 0.1.1
- name: neutron
  repository: file://../neutron
  version: 0.1.1
- name: neutron_vendor
  repository: file://../neutron_vendor
  version: 0.1.0
- name: healthchecks
  repository: file://../healthchecks
  version: 0.1.0
- name: utils
  repository: file://../utils
  version: 0.1.1
digest: sha256:feabe10e47e8e36572b3f769e0300c26350511e28867c9fabba80126a92bac50
generated: 2018-08-06T11:15:22.55860146+02:00
