dependencies:
- alias: ""
  condition: ""
  enabled: false
  import-values: null
  name: memcached
  repository: http://localhost:8879/charts
  tags: null
  version: 0.1.0
- alias: ""
  condition: ""
  enabled: false
  import-values: null
  name: rabbitmq
  repository: http://localhost:8879/charts
  tags: null
  version: 0.1.0
- alias: ""
  condition: ""
  enabled: false
  import-values: null
  name: keystone
  repository: http://localhost:8879/charts
  tags: null
  version: 0.1.0
- alias: ""
  condition: ""
  enabled: false
  import-values: null
  name: glance
  repository: http://localhost:8879/charts
  tags: null
  version: 0.1.1
- alias: ""
  condition: ""
  enabled: false
  import-values: null
  name: ironic
  repository: http://localhost:8879/charts
  tags: null
  version: 0.1.0
- alias: ""
  condition: ""
  enabled: false
  import-values: null
  name: nova
  repository: http://localhost:8879/charts
  tags: null
  version: 0.1.1
- alias: ""
  condition: ""
  enabled: false
  import-values: null
  name: barbican
  repository: http://localhost:8879/charts
  tags: null
  version: 0.1.0
- alias: ""
  condition: ""
  enabled: false
  import-values: null
  name: cinder
  repository: http://localhost:8879/charts
  tags: null
  version: 0.1.1
- alias: ""
  condition: ""
  enabled: false
  import-values: null
  name: manila
  repository: http://localhost:8879/charts
  tags: null
  version: 0.1.0
- alias: ""
  condition: ""
  enabled: false
  import-values: null
  name: horizon
  repository: http://localhost:8879/charts
  tags: null
  version: 0.1.0
- alias: ""
  condition: ""
  enabled: false
  import-values: null
  name: neutron
  repository: http://localhost:8879/charts
  tags: null
  version: 0.1.1
- alias: ""
  condition: ""
  enabled: false
  import-values: null
  name: neutron_vendor
  repository: http://localhost:8879/charts
  tags: null
  version: 0.1.0
- alias: ""
  condition: ""
  enabled: false
  import-values: null
  name: designate
  repository: http://localhost:8879/charts
  tags: null
  version: 0.1.1
- alias: ""
  condition: ""
  enabled: false
  import-values: null
  name: healthchecks
  repository: http://localhost:8879/charts
  tags: null
  version: 0.1.0
digest: sha256:1ec24a6f25329c7049ebed84d89ae143a42c703d73c1f16480eae24db6b345ff
generated: 2017-07-19T09:24:40.949008763+02:00
